
Microsoft Visual Studio Solution File, Format Version 12.00
# Visual Studio Version 17
VisualStudioVersion = 17.8.34408.163
MinimumVisualStudioVersion = 10.0.40219.1
Project("{9A19103F-16F7-4668-BE54-9A1E7A4F7556}") = "DogSearch.Api", "DogSearch.Api.csproj", "{6B35EBE2-DC5B-4694-9231-7E16E48CB7C9}"
EndProject
Project("{9A19103F-16F7-4668-BE54-9A1E7A4F7556}") = "DBUp", "..\DBUp\DBUp.csproj", "{F2057577-AB34-4DEE-B2A1-73C31EC7AF7E}"
EndProject
Project("{9A19103F-16F7-4668-BE54-9A1E7A4F7556}") = "DogSearch.Infrastructure", "..\DogSearch.Infrastructure\DogSearch.Infrastructure.csproj", "{B76D349A-ACED-43EA-89EA-CEB719802AD5}"
EndProject
Project("{9A19103F-16F7-4668-BE54-9A1E7A4F7556}") = "DogSearch.Core", "..\DogSearch.Core\DogSearch.Core.csproj", "{F429698C-D8EB-4F77-A9F2-36EC4B08DE22}"
EndProject
Project("{FAE04EC0-301F-11D3-BF4B-00C04F79EFBC}") = "DogSearch.Api.Test", "..\DogSearch.Api.Test\DogSearch.Api.Test.csproj", "{D5CF1C20-802A-46FF-BF53-3EF82AE3B18F}"
EndProject
Project("{2150E333-8FDC-42A3-9474-1A3956D46DE8}") = "test", "test", "{183BBC41-3D9D-4421-B268-D74E08328C8A}"
EndProject
Project("{2150E333-8FDC-42A3-9474-1A3956D46DE8}") = "solution", "solution", "{A6C70426-15C7-47AA-9C03-9659839B2D34}"
EndProject
Project("{FAE04EC0-301F-11D3-BF4B-00C04F79EFBC}") = "DogSearch.Core.Test", "..\DogSearch.Core.Test\DogSearch.Core.Test.csproj", "{B0CCB191-2E39-4B7D-BDD2-D82182635465}"
EndProject
Project("{FAE04EC0-301F-11D3-BF4B-00C04F79EFBC}") = "DogSearch.Infrastructure.Test.Integration", "..\DogSearch.Infrastructure.Test.Integration\DogSearch.Infrastructure.Test.Integration.csproj", "{F360CD19-C425-4D23-84C6-BA792864AD55}"
EndProject
Global
	GlobalSection(SolutionConfigurationPlatforms) = preSolution
		Debug|Any CPU = Debug|Any CPU
		Release|Any CPU = Release|Any CPU
	EndGlobalSection
	GlobalSection(ProjectConfigurationPlatforms) = postSolution
		{6B35EBE2-DC5B-4694-9231-7E16E48CB7C9}.Debug|Any CPU.ActiveCfg = Debug|Any CPU
		{6B35EBE2-DC5B-4694-9231-7E16E48CB7C9}.Debug|Any CPU.Build.0 = Debug|Any CPU
		{6B35EBE2-DC5B-4694-9231-7E16E48CB7C9}.Release|Any CPU.ActiveCfg = Release|Any CPU
		{6B35EBE2-DC5B-4694-9231-7E16E48CB7C9}.Release|Any CPU.Build.0 = Release|Any CPU
		{F2057577-AB34-4DEE-B2A1-73C31EC7AF7E}.Debug|Any CPU.ActiveCfg = Debug|Any CPU
		{F2057577-AB34-4DEE-B2A1-73C31EC7AF7E}.Debug|Any CPU.Build.0 = Debug|Any CPU
		{F2057577-AB34-4DEE-B2A1-73C31EC7AF7E}.Release|Any CPU.ActiveCfg = Release|Any CPU
		{F2057577-AB34-4DEE-B2A1-73C31EC7AF7E}.Release|Any CPU.Build.0 = Release|Any CPU
		{B76D349A-ACED-43EA-89EA-CEB719802AD5}.Debug|Any CPU.ActiveCfg = Debug|Any CPU
		{B76D349A-ACED-43EA-89EA-CEB719802AD5}.Debug|Any CPU.Build.0 = Debug|Any CPU
		{B76D349A-ACED-43EA-89EA-CEB719802AD5}.Release|Any CPU.ActiveCfg = Release|Any CPU
		{B76D349A-ACED-43EA-89EA-CEB719802AD5}.Release|Any CPU.Build.0 = Release|Any CPU
		{F429698C-D8EB-4F77-A9F2-36EC4B08DE22}.Debug|Any CPU.ActiveCfg = Debug|Any CPU
		{F429698C-D8EB-4F77-A9F2-36EC4B08DE22}.Debug|Any CPU.Build.0 = Debug|Any CPU
		{F429698C-D8EB-4F77-A9F2-36EC4B08DE22}.Release|Any CPU.ActiveCfg = Release|Any CPU
		{F429698C-D8EB-4F77-A9F2-36EC4B08DE22}.Release|Any CPU.Build.0 = Release|Any CPU
		{D5CF1C20-802A-46FF-BF53-3EF82AE3B18F}.Debug|Any CPU.ActiveCfg = Debug|Any CPU
		{D5CF1C20-802A-46FF-BF53-3EF82AE3B18F}.Debug|Any CPU.Build.0 = Debug|Any CPU
		{D5CF1C20-802A-46FF-BF53-3EF82AE3B18F}.Release|Any CPU.ActiveCfg = Release|Any CPU
		{D5CF1C20-802A-46FF-BF53-3EF82AE3B18F}.Release|Any CPU.Build.0 = Release|Any CPU
		{B0CCB191-2E39-4B7D-BDD2-D82182635465}.Debug|Any CPU.ActiveCfg = Debug|Any CPU
		{B0CCB191-2E39-4B7D-BDD2-D82182635465}.Debug|Any CPU.Build.0 = Debug|Any CPU
		{B0CCB191-2E39-4B7D-BDD2-D82182635465}.Release|Any CPU.ActiveCfg = Release|Any CPU
		{B0CCB191-2E39-4B7D-BDD2-D82182635465}.Release|Any CPU.Build.0 = Release|Any CPU
		{F360CD19-C425-4D23-84C6-BA792864AD55}.Debug|Any CPU.ActiveCfg = Debug|Any CPU
		{F360CD19-C425-4D23-84C6-BA792864AD55}.Debug|Any CPU.Build.0 = Debug|Any CPU
		{F360CD19-C425-4D23-84C6-BA792864AD55}.Release|Any CPU.ActiveCfg = Release|Any CPU
		{F360CD19-C425-4D23-84C6-BA792864AD55}.Release|Any CPU.Build.0 = Release|Any CPU
	EndGlobalSection
	GlobalSection(SolutionProperties) = preSolution
		HideSolutionNode = FALSE
	EndGlobalSection
	GlobalSection(NestedProjects) = preSolution
		{6B35EBE2-DC5B-4694-9231-7E16E48CB7C9} = {A6C70426-15C7-47AA-9C03-9659839B2D34}
		{F2057577-AB34-4DEE-B2A1-73C31EC7AF7E} = {A6C70426-15C7-47AA-9C03-9659839B2D34}
		{B76D349A-ACED-43EA-89EA-CEB719802AD5} = {A6C70426-15C7-47AA-9C03-9659839B2D34}
		{F429698C-D8EB-4F77-A9F2-36EC4B08DE22} = {A6C70426-15C7-47AA-9C03-9659839B2D34}
		{D5CF1C20-802A-46FF-BF53-3EF82AE3B18F} = {183BBC41-3D9D-4421-B268-D74E08328C8A}
		{B0CCB191-2E39-4B7D-BDD2-D82182635465} = {183BBC41-3D9D-4421-B268-D74E08328C8A}
		{F360CD19-C425-4D23-84C6-BA792864AD55} = {183BBC41-3D9D-4421-B268-D74E08328C8A}
	EndGlobalSection
	GlobalSection(ExtensibilityGlobals) = postSolution
		SolutionGuid = {D5B403C7-450C-4C5A-8E0A-97312361DBCA}
	EndGlobalSection
EndGlobal
